
Microsoft Visual Studio Solution File, Format Version 12.00
# Visual Studio 15
VisualStudioVersion = 15.0.27428.2015
MinimumVisualStudioVersion = 10.0.40219.1
Project("{FAE04EC0-301F-11D3-BF4B-00C04F79EFBC}") = "Platformer", "Platformer\Platformer.csproj", "{6BAF1F79-44C3-4788-80BB-B841A8281BD7}"
EndProject
Global
	GlobalSection(SolutionConfigurationPlatforms) = preSolution
		Debug|x86 = Debug|x86
		Release|x86 = Release|x86
	EndGlobalSection
	GlobalSection(ProjectConfigurationPlatforms) = postSolution
		{6BAF1F79-44C3-4788-80BB-B841A8281BD7}.Debug|x86.ActiveCfg = Debug|x86
		{6BAF1F79-44C3-4788-80BB-B841A8281BD7}.Debug|x86.Build.0 = Debug|x86
		{6BAF1F79-44C3-4788-80BB-B841A8281BD7}.Release|x86.ActiveCfg = Release|x86
		{6BAF1F79-44C3-4788-80BB-B841A8281BD7}.Release|x86.Build.0 = Release|x86
	EndGlobalSection
	GlobalSection(SolutionProperties) = preSolution
		HideSolutionNode = FALSE
	EndGlobalSection
	GlobalSection(ExtensibilityGlobals) = postSolution
		SolutionGuid = {66CA9CAC-0BCB-4F5D-8EB8-6208D34B31E8}
	EndGlobalSection
EndGlobal
